
Microsoft Visual Studio Solution File, Format Version 12.00
# Visual Studio 15
VisualStudioVersion = 15.0.27703.2035
MinimumVisualStudioVersion = 10.0.40219.1
Project("{FAE04EC0-301F-11D3-BF4B-00C04F79EFBC}") = "3NumberComparer", "3NumberComparer\3NumberComparer.csproj", "{8A0EF56C-F44C-4C2E-96D5-3B6EB94A1685}"
EndProject
Global
	GlobalSection(SolutionConfigurationPlatforms) = preSolution
		Debug|Any CPU = Debug|Any CPU
		Release|Any CPU = Release|Any CPU
	EndGlobalSection
	GlobalSection(ProjectConfigurationPlatforms) = postSolution
		{8A0EF56C-F44C-4C2E-96D5-3B6EB94A1685}.Debug|Any CPU.ActiveCfg = Debug|Any CPU
		{8A0EF56C-F44C-4C2E-96D5-3B6EB94A1685}.Debug|Any CPU.Build.0 = Debug|Any CPU
		{8A0EF56C-F44C-4C2E-96D5-3B6EB94A1685}.Release|Any CPU.ActiveCfg = Release|Any CPU
		{8A0EF56C-F44C-4C2E-96D5-3B6EB94A1685}.Release|Any CPU.Build.0 = Release|Any CPU
	EndGlobalSection
	GlobalSection(SolutionProperties) = preSolution
		HideSolutionNode = FALSE
	EndGlobalSection
	GlobalSection(ExtensibilityGlobals) = postSolution
		SolutionGuid = {4E87AC89-BE03-4685-A37B-A0750248A98A}
	EndGlobalSection
EndGlobal
