
Microsoft Visual Studio Solution File, Format Version 12.00
# Visual Studio 15
VisualStudioVersion = 15.0.27703.2035
MinimumVisualStudioVersion = 10.0.40219.1
Project("{FAE04EC0-301F-11D3-BF4B-00C04F79EFBC}") = "FarenheitToCelsius", "FarenheitToCelsius\FarenheitToCelsius.csproj", "{DC4944DB-DB9E-42CC-81C6-363E9F6BFEE8}"
EndProject
Global
	GlobalSection(SolutionConfigurationPlatforms) = preSolution
		Debug|Any CPU = Debug|Any CPU
		Release|Any CPU = Release|Any CPU
	EndGlobalSection
	GlobalSection(ProjectConfigurationPlatforms) = postSolution
		{DC4944DB-DB9E-42CC-81C6-363E9F6BFEE8}.Debug|Any CPU.ActiveCfg = Debug|Any CPU
		{DC4944DB-DB9E-42CC-81C6-363E9F6BFEE8}.Debug|Any CPU.Build.0 = Debug|Any CPU
		{DC4944DB-DB9E-42CC-81C6-363E9F6BFEE8}.Release|Any CPU.ActiveCfg = Release|Any CPU
		{DC4944DB-DB9E-42CC-81C6-363E9F6BFEE8}.Release|Any CPU.Build.0 = Release|Any CPU
	EndGlobalSection
	GlobalSection(SolutionProperties) = preSolution
		HideSolutionNode = FALSE
	EndGlobalSection
	GlobalSection(ExtensibilityGlobals) = postSolution
		SolutionGuid = {94F8A145-842F-4A2A-A0D0-8842E8F356D2}
	EndGlobalSection
EndGlobal
