
Microsoft Visual Studio Solution File, Format Version 12.00
# Visual Studio 15
VisualStudioVersion = 15.0.27703.2035
MinimumVisualStudioVersion = 10.0.40219.1
Project("{FAE04EC0-301F-11D3-BF4B-00C04F79EFBC}") = "Twitter", "Twitter\Twitter.csproj", "{67929BB6-B76D-45D7-AC88-DF193F06DF14}"
EndProject
Global
	GlobalSection(SolutionConfigurationPlatforms) = preSolution
		Debug|Any CPU = Debug|Any CPU
		Release|Any CPU = Release|Any CPU
	EndGlobalSection
	GlobalSection(ProjectConfigurationPlatforms) = postSolution
		{67929BB6-B76D-45D7-AC88-DF193F06DF14}.Debug|Any CPU.ActiveCfg = Debug|Any CPU
		{67929BB6-B76D-45D7-AC88-DF193F06DF14}.Debug|Any CPU.Build.0 = Debug|Any CPU
		{67929BB6-B76D-45D7-AC88-DF193F06DF14}.Release|Any CPU.ActiveCfg = Release|Any CPU
		{67929BB6-B76D-45D7-AC88-DF193F06DF14}.Release|Any CPU.Build.0 = Release|Any CPU
	EndGlobalSection
	GlobalSection(SolutionProperties) = preSolution
		HideSolutionNode = FALSE
	EndGlobalSection
	GlobalSection(ExtensibilityGlobals) = postSolution
		SolutionGuid = {EFD6340A-A283-4584-9BED-9037BCF3DDEA}
	EndGlobalSection
EndGlobal
